{
  "name": "vuex-class-persist",
  "version": "0.0.1-beta.1",
  "lockfileVersion": 1,
  "requires": true,
  "dependencies": {
    "@types/lodash": {
      "version": "4.14.116",
      "resolved": "https://registry.npmjs.org/@types/lodash/-/lodash-4.14.116.tgz",
      "integrity": "sha512-lRnAtKnxMXcYYXqOiotTmJd74uawNWuPnsnPrrO7HiFuE3npE2iQhfABatbYDyxTNqZNuXzcKGhw37R7RjBFLg==",
      "dev": true
    },
    "circular-json": {
      "version": "0.5.5",
      "resolved": "https://registry.npmjs.org/circular-json/-/circular-json-0.5.5.tgz",
      "integrity": "sha512-13YaR6kiz0kBNmIVM87Io8Hp7bWOo4r61vkEANy8iH9R9bc6avud/1FT0SBpqR1RpIQADOh/Q+yHZDA1iL6ysA=="
    },
    "lodash": {
      "version": "4.17.10",
      "resolved": "https://registry.npmjs.org/lodash/-/lodash-4.17.10.tgz",
      "integrity": "sha512-UejweD1pDoXu+AD825lWwp4ZGtSwgnpZxb3JDViD7StjQz+Nb/6l093lx4OQ0foGWNRoc19mWy7BzL+UAK2iVg=="
    },
    "lodash.merge": {
      "version": "4.6.1",
      "resolved": "https://registry.npmjs.org/lodash.merge/-/lodash.merge-4.6.1.tgz",
      "integrity": "sha512-AOYza4+Hf5z1/0Hztxpm2/xiPZgi/cjMqdnKTUWTBSKchJlxXXuUSxCCl8rJlf4g6yww/j6mA8nC8Hw/EZWxKQ=="
    },
    "typescript": {
      "version": "3.0.1",
      "resolved": "https://registry.npmjs.org/typescript/-/typescript-3.0.1.tgz",
      "integrity": "sha512-zQIMOmC+372pC/CCVLqnQ0zSBiY7HHodU7mpQdjiZddek4GMj31I3dUJ7gAs9o65X7mnRma6OokOkc6f9jjfBg=="
    },
    "vue": {
      "version": "2.5.17",
      "resolved": "https://registry.npmjs.org/vue/-/vue-2.5.17.tgz",
      "integrity": "sha512-mFbcWoDIJi0w0Za4emyLiW72Jae0yjANHbCVquMKijcavBGypqlF7zHRgMa5k4sesdv7hv2rB4JPdZfR+TPfhQ=="
    },
    "vuex": {
      "version": "3.0.1",
      "resolved": "https://registry.npmjs.org/vuex/-/vuex-3.0.1.tgz",
      "integrity": "sha512-wLoqz0B7DSZtgbWL1ShIBBCjv22GV5U+vcBFox658g6V0s4wZV9P4YjCNyoHSyIBpj1f29JBoNQIqD82cR4O3w=="
    },
    "vuex-persist": {
      "version": "1.4.3",
      "resolved": "https://registry.npmjs.org/vuex-persist/-/vuex-persist-1.4.3.tgz",
      "integrity": "sha512-9GibYEwOrio/WGKH+0XJm3STe736zFWd59fLs6KZ/F19Is5v1ZC99+Lk7tlBRzxTiIjGo+CXHKhFmr0OPKwUEw==",
      "requires": {
        "circular-json": "^0.5.4",
        "lodash.merge": "^4.6.1"
      }
    }
  }
}
